
Microsoft Visual Studio Solution File, Format Version 12.00
# Visual Studio 15
VisualStudioVersion = 15.0.27428.2005
MinimumVisualStudioVersion = 10.0.40219.1
Project("{FAE04EC0-301F-11D3-BF4B-00C04F79EFBC}") = "Bug Tracker", "Bug Tracker\Bug Tracker.csproj", "{A57792F4-9053-4212-96F3-5CA54406B03D}"
EndProject
Global
	GlobalSection(SolutionConfigurationPlatforms) = preSolution
		Debug|Any CPU = Debug|Any CPU
		Release|Any CPU = Release|Any CPU
	EndGlobalSection
	GlobalSection(ProjectConfigurationPlatforms) = postSolution
		{A57792F4-9053-4212-96F3-5CA54406B03D}.Debug|Any CPU.ActiveCfg = Debug|Any CPU
		{A57792F4-9053-4212-96F3-5CA54406B03D}.Debug|Any CPU.Build.0 = Debug|Any CPU
		{A57792F4-9053-4212-96F3-5CA54406B03D}.Release|Any CPU.ActiveCfg = Release|Any CPU
		{A57792F4-9053-4212-96F3-5CA54406B03D}.Release|Any CPU.Build.0 = Release|Any CPU
	EndGlobalSection
	GlobalSection(SolutionProperties) = preSolution
		HideSolutionNode = FALSE
	EndGlobalSection
	GlobalSection(ExtensibilityGlobals) = postSolution
		SolutionGuid = {F6240799-0E4F-4C82-A27B-C2BDF6C8A3AA}
	EndGlobalSection
EndGlobal
